// !$*UTF8*$!
{
	archiveVersion = 1;
	classes = {
	};
	objectVersion = 50;
	objects = {

/* Begin PBXBuildFile section */
		EACAE41A22C2C175003AA4C1 /* AppDelegate.m in Sources */ = {isa = PBXBuildFile; fileRef = EACAE41922C2C175003AA4C1 /* AppDelegate.m */; };
		EACAE41D22C2C175003AA4C1 /* ViewController.m in Sources */ = {isa = PBXBuildFile; fileRef = EACAE41C22C2C175003AA4C1 /* ViewController.m */; };
		EACAE42022C2C175003AA4C1 /* Main.storyboard in Resources */ = {isa = PBXBuildFile; fileRef = EACAE41E22C2C175003AA4C1 /* Main.storyboard */; };
		EACAE42222C2C176003AA4C1 /* Assets.xcassets in Resources */ = {isa = PBXBuildFile; fileRef = EACAE42122C2C176003AA4C1 /* Assets.xcassets */; };
		EACAE42522C2C176003AA4C1 /* LaunchScreen.storyboard in Resources */ = {isa = PBXBuildFile; fileRef = EACAE42322C2C176003AA4C1 /* LaunchScreen.storyboard */; };
		EACAE42822C2C176003AA4C1 /* main.m in Sources */ = {isa = PBXBuildFile; fileRef = EACAE42722C2C176003AA4C1 /* main.m */; };
		EACAE43222C2C176003AA4C1 /* TipsterTests.m in Sources */ = {isa = PBXBuildFile; fileRef = EACAE43122C2C176003AA4C1 /* TipsterTests.m */; };
		EACAE43D22C2C176003AA4C1 /* TipsterUITests.m in Sources */ = {isa = PBXBuildFile; fileRef = EACAE43C22C2C176003AA4C1 /* TipsterUITests.m */; };
/* End PBXBuildFile section */

/* Begin PBXContainerItemProxy section */
		EACAE42E22C2C176003AA4C1 /* PBXContainerItemProxy */ = {
			isa = PBXContainerItemProxy;
			containerPortal = EACAE40D22C2C175003AA4C1 /* Project object */;
			proxyType = 1;
			remoteGlobalIDString = EACAE41422C2C175003AA4C1;
			remoteInfo = Tipster;
		};
		EACAE43922C2C176003AA4C1 /* PBXContainerItemProxy */ = {
			isa = PBXContainerItemProxy;
			containerPortal = EACAE40D22C2C175003AA4C1 /* Project object */;
			proxyType = 1;
			remoteGlobalIDString = EACAE41422C2C175003AA4C1;
			remoteInfo = Tipster;
		};
/* End PBXContainerItemProxy section */

/* Begin PBXFileReference section */
		EACAE41522C2C175003AA4C1 /* Tipster.app */ = {isa = PBXFileReference; explicitFileType = wrapper.application; includeInIndex = 0; path = Tipster.app; sourceTree = BUILT_PRODUCTS_DIR; };
		EACAE41822C2C175003AA4C1 /* AppDelegate.h */ = {isa = PBXFileReference; lastKnownFileType = sourcecode.c.h; path = AppDelegate.h; sourceTree = "<group>"; };
		EACAE41922C2C175003AA4C1 /* AppDelegate.m */ = {isa = PBXFileReference; lastKnownFileType = sourcecode.c.objc; path = AppDelegate.m; sourceTree = "<group>"; };
		EACAE41B22C2C175003AA4C1 /* ViewController.h */ = {isa = PBXFileReference; lastKnownFileType = sourcecode.c.h; path = ViewController.h; sourceTree = "<group>"; };
		EACAE41C22C2C175003AA4C1 /* ViewController.m */ = {isa = PBXFileReference; lastKnownFileType = sourcecode.c.objc; path = ViewController.m; sourceTree = "<group>"; };
		EACAE41F22C2C175003AA4C1 /* Base */ = {isa = PBXFileReference; lastKnownFileType = file.storyboard; name = Base; path = Base.lproj/Main.storyboard; sourceTree = "<group>"; };
		EACAE42122C2C176003AA4C1 /* Assets.xcassets */ = {isa = PBXFileReference; lastKnownFileType = folder.assetcatalog; path = Assets.xcassets; sourceTree = "<group>"; };
		EACAE42422C2C176003AA4C1 /* Base */ = {isa = PBXFileReference; lastKnownFileType = file.storyboard; name = Base; path = Base.lproj/LaunchScreen.storyboard; sourceTree = "<group>"; };
		EACAE42622C2C176003AA4C1 /* Info.plist */ = {isa = PBXFileReference; lastKnownFileType = text.plist.xml; path = Info.plist; sourceTree = "<group>"; };
		EACAE42722C2C176003AA4C1 /* main.m */ = {isa = PBXFileReference; lastKnownFileType = sourcecode.c.objc; path = main.m; sourceTree = "<group>"; };
		EACAE42D22C2C176003AA4C1 /* TipsterTests.xctest */ = {isa = PBXFileReference; explicitFileType = wrapper.cfbundle; includeInIndex = 0; path = TipsterTests.xctest; sourceTree = BUILT_PRODUCTS_DIR; };
		EACAE43122C2C176003AA4C1 /* TipsterTests.m */ = {isa = PBXFileReference; lastKnownFileType = sourcecode.c.objc; path = TipsterTests.m; sourceTree = "<group>"; };
		EACAE43322C2C176003AA4C1 /* Info.plist */ = {isa = PBXFileReference; lastKnownFileType = text.plist.xml; path = Info.plist; sourceTree = "<group>"; };
		EACAE43822C2C176003AA4C1 /* TipsterUITests.xctest */ = {isa = PBXFileReference; explicitFileType = wrapper.cfbundle; includeInIndex = 0; path = TipsterUITests.xctest; sourceTree = BUILT_PRODUCTS_DIR; };
		EACAE43C22C2C176003AA4C1 /* TipsterUITests.m */ = {isa = PBXFileReference; lastKnownFileType = sourcecode.c.objc; path = TipsterUITests.m; sourceTree = "<group>"; };
		EACAE43E22C2C176003AA4C1 /* Info.plist */ = {isa = PBXFileReference; lastKnownFileType = text.plist.xml; path = Info.plist; sourceTree = "<group>"; };
/* End PBXFileReference section */

/* Begin PBXFrameworksBuildPhase section */
		EACAE41222C2C175003AA4C1 /* Frameworks */ = {
			isa = PBXFrameworksBuildPhase;
			buildActionMask = 2147483647;
			files = (
			);
			runOnlyForDeploymentPostprocessing = 0;
		};
		EACAE42A22C2C176003AA4C1 /* Frameworks */ = {
			isa = PBXFrameworksBuildPhase;
			buildActionMask = 2147483647;
			files = (
			);
			runOnlyForDeploymentPostprocessing = 0;
		};
		EACAE43522C2C176003AA4C1 /* Frameworks */ = {
			isa = PBXFrameworksBuildPhase;
			buildActionMask = 2147483647;
			files = (
			);
			runOnlyForDeploymentPostprocessing = 0;
		};
/* End PBXFrameworksBuildPhase section */

/* Begin PBXGroup section */
		EACAE40C22C2C175003AA4C1 = {
			isa = PBXGroup;
			children = (
				EACAE41722C2C175003AA4C1 /* Tipster */,
				EACAE43022C2C176003AA4C1 /* TipsterTests */,
				EACAE43B22C2C176003AA4C1 /* TipsterUITests */,
				EACAE41622C2C175003AA4C1 /* Products */,
			);
			sourceTree = "<group>";
		};
		EACAE41622C2C175003AA4C1 /* Products */ = {
			isa = PBXGroup;
			children = (
				EACAE41522C2C175003AA4C1 /* Tipster.app */,
				EACAE42D22C2C176003AA4C1 /* TipsterTests.xctest */,
				EACAE43822C2C176003AA4C1 /* TipsterUITests.xctest */,
			);
			name = Products;
			sourceTree = "<group>";
		};
		EACAE41722C2C175003AA4C1 /* Tipster */ = {
			isa = PBXGroup;
			children = (
				EACAE41822C2C175003AA4C1 /* AppDelegate.h */,
				EACAE41922C2C175003AA4C1 /* AppDelegate.m */,
				EACAE41B22C2C175003AA4C1 /* ViewController.h */,
				EACAE41C22C2C175003AA4C1 /* ViewController.m */,
				EACAE41E22C2C175003AA4C1 /* Main.storyboard */,
				EACAE42122C2C176003AA4C1 /* Assets.xcassets */,
				EACAE42322C2C176003AA4C1 /* LaunchScreen.storyboard */,
				EACAE42622C2C176003AA4C1 /* Info.plist */,
				EACAE42722C2C176003AA4C1 /* main.m */,
			);
			path = Tipster;
			sourceTree = "<group>";
		};
		EACAE43022C2C176003AA4C1 /* TipsterTests */ = {
			isa = PBXGroup;
			children = (
				EACAE43122C2C176003AA4C1 /* TipsterTests.m */,
				EACAE43322C2C176003AA4C1 /* Info.plist */,
			);
			path = TipsterTests;
			sourceTree = "<group>";
		};
		EACAE43B22C2C176003AA4C1 /* TipsterUITests */ = {
			isa = PBXGroup;
			children = (
				EACAE43C22C2C176003AA4C1 /* TipsterUITests.m */,
				EACAE43E22C2C176003AA4C1 /* Info.plist */,
			);
			path = TipsterUITests;
			sourceTree = "<group>";
		};
/* End PBXGroup section */

/* Begin PBXNativeTarget section */
		EACAE41422C2C175003AA4C1 /* Tipster */ = {
			isa = PBXNativeTarget;
			buildConfigurationList = EACAE44122C2C176003AA4C1 /* Build configuration list for PBXNativeTarget "Tipster" */;
			buildPhases = (
				EACAE41122C2C175003AA4C1 /* Sources */,
				EACAE41222C2C175003AA4C1 /* Frameworks */,
				EACAE41322C2C175003AA4C1 /* Resources */,
			);
			buildRules = (
			);
			dependencies = (
			);
			name = Tipster;
			productName = Tipster;
			productReference = EACAE41522C2C175003AA4C1 /* Tipster.app */;
			productType = "com.apple.product-type.application";
		};
		EACAE42C22C2C176003AA4C1 /* TipsterTests */ = {
			isa = PBXNativeTarget;
			buildConfigurationList = EACAE44422C2C176003AA4C1 /* Build configuration list for PBXNativeTarget "TipsterTests" */;
			buildPhases = (
				EACAE42922C2C176003AA4C1 /* Sources */,
				EACAE42A22C2C176003AA4C1 /* Frameworks */,
				EACAE42B22C2C176003AA4C1 /* Resources */,
			);
			buildRules = (
			);
			dependencies = (
				EACAE42F22C2C176003AA4C1 /* PBXTargetDependency */,
			);
			name = TipsterTests;
			productName = TipsterTests;
			productReference = EACAE42D22C2C176003AA4C1 /* TipsterTests.xctest */;
			productType = "com.apple.product-type.bundle.unit-test";
		};
		EACAE43722C2C176003AA4C1 /* TipsterUITests */ = {
			isa = PBXNativeTarget;
			buildConfigurationList = EACAE44722C2C176003AA4C1 /* Build configuration list for PBXNativeTarget "TipsterUITests" */;
			buildPhases = (
				EACAE43422C2C176003AA4C1 /* Sources */,
				EACAE43522C2C176003AA4C1 /* Frameworks */,
				EACAE43622C2C176003AA4C1 /* Resources */,
			);
			buildRules = (
			);
			dependencies = (
				EACAE43A22C2C176003AA4C1 /* PBXTargetDependency */,
			);
			name = TipsterUITests;
			productName = TipsterUITests;
			productReference = EACAE43822C2C176003AA4C1 /* TipsterUITests.xctest */;
			productType = "com.apple.product-type.bundle.ui-testing";
		};
/* End PBXNativeTarget section */

/* Begin PBXProject section */
		EACAE40D22C2C175003AA4C1 /* Project object */ = {
			isa = PBXProject;
			attributes = {
				LastUpgradeCheck = 1020;
				ORGANIZATIONNAME = mloirraqi;
				TargetAttributes = {
					EACAE41422C2C175003AA4C1 = {
						CreatedOnToolsVersion = 10.2.1;
					};
					EACAE42C22C2C176003AA4C1 = {
						CreatedOnToolsVersion = 10.2.1;
						TestTargetID = EACAE41422C2C175003AA4C1;
					};
					EACAE43722C2C176003AA4C1 = {
						CreatedOnToolsVersion = 10.2.1;
						TestTargetID = EACAE41422C2C175003AA4C1;
					};
				};
			};
			buildConfigurationList = EACAE41022C2C175003AA4C1 /* Build configuration list for PBXProject "Tipster" */;
			compatibilityVersion = "Xcode 9.3";
			developmentRegion = en;
			hasScannedForEncodings = 0;
			knownRegions = (
				en,
				Base,
			);
			mainGroup = EACAE40C22C2C175003AA4C1;
			productRefGroup = EACAE41622C2C175003AA4C1 /* Products */;
			projectDirPath = "";
			projectRoot = "";
			targets = (
				EACAE41422C2C175003AA4C1 /* Tipster */,
				EACAE42C22C2C176003AA4C1 /* TipsterTests */,
				EACAE43722C2C176003AA4C1 /* TipsterUITests */,
			);
		};
/* End PBXProject section */

/* Begin PBXResourcesBuildPhase section */
		EACAE41322C2C175003AA4C1 /* Resources */ = {
			isa = PBXResourcesBuildPhase;
			buildActionMask = 2147483647;
			files = (
				EACAE42522C2C176003AA4C1 /* LaunchScreen.storyboard in Resources */,
				EACAE42222C2C176003AA4C1 /* Assets.xcassets in Resources */,
				EACAE42022C2C175003AA4C1 /* Main.storyboard in Resources */,
			);
			runOnlyForDeploymentPostprocessing = 0;
		};
		EACAE42B22C2C176003AA4C1 /* Resources */ = {
			isa = PBXResourcesBuildPhase;
			buildActionMask = 2147483647;
			files = (
			);
			runOnlyForDeploymentPostprocessing = 0;
		};
		EACAE43622C2C176003AA4C1 /* Resources */ = {
			isa = PBXResourcesBuildPhase;
			buildActionMask = 2147483647;
			files = (
			);
			runOnlyForDeploymentPostprocessing = 0;
		};
/* End PBXResourcesBuildPhase section */

/* Begin PBXSourcesBuildPhase section */
		EACAE41122C2C175003AA4C1 /* Sources */ = {
			isa = PBXSourcesBuildPhase;
			buildActionMask = 2147483647;
			files = (
				EACAE41D22C2C175003AA4C1 /* ViewController.m in Sources */,
				EACAE42822C2C176003AA4C1 /* main.m in Sources */,
				EACAE41A22C2C175003AA4C1 /* AppDelegate.m in Sources */,
			);
			runOnlyForDeploymentPostprocessing = 0;
		};
		EACAE42922C2C176003AA4C1 /* Sources */ = {
			isa = PBXSourcesBuildPhase;
			buildActionMask = 2147483647;
			files = (
				EACAE43222C2C176003AA4C1 /* TipsterTests.m in Sources */,
			);
			runOnlyForDeploymentPostprocessing = 0;
		};
		EACAE43422C2C176003AA4C1 /* Sources */ = {
			isa = PBXSourcesBuildPhase;
			buildActionMask = 2147483647;
			files = (
				EACAE43D22C2C176003AA4C1 /* TipsterUITests.m in Sources */,
			);
			runOnlyForDeploymentPostprocessing = 0;
		};
/* End PBXSourcesBuildPhase section */

/* Begin PBXTargetDependency section */
		EACAE42F22C2C176003AA4C1 /* PBXTargetDependency */ = {
			isa = PBXTargetDependency;
			target = EACAE41422C2C175003AA4C1 /* Tipster */;
			targetProxy = EACAE42E22C2C176003AA4C1 /* PBXContainerItemProxy */;
		};
		EACAE43A22C2C176003AA4C1 /* PBXTargetDependency */ = {
			isa = PBXTargetDependency;
			target = EACAE41422C2C175003AA4C1 /* Tipster */;
			targetProxy = EACAE43922C2C176003AA4C1 /* PBXContainerItemProxy */;
		};
/* End PBXTargetDependency section */

/* Begin PBXVariantGroup section */
		EACAE41E22C2C175003AA4C1 /* Main.storyboard */ = {
			isa = PBXVariantGroup;
			children = (
				EACAE41F22C2C175003AA4C1 /* Base */,
			);
			name = Main.storyboard;
			sourceTree = "<group>";
		};
		EACAE42322C2C176003AA4C1 /* LaunchScreen.storyboard */ = {
			isa = PBXVariantGroup;
			children = (
				EACAE42422C2C176003AA4C1 /* Base */,
			);
			name = LaunchScreen.storyboard;
			sourceTree = "<group>";
		};
/* End PBXVariantGroup section */

/* Begin XCBuildConfiguration section */
		EACAE43F22C2C176003AA4C1 /* Debug */ = {
			isa = XCBuildConfiguration;
			buildSettings = {
				ALWAYS_SEARCH_USER_PATHS = NO;
				CLANG_ANALYZER_NONNULL = YES;
				CLANG_ANALYZER_NUMBER_OBJECT_CONVERSION = YES_AGGRESSIVE;
				CLANG_CXX_LANGUAGE_STANDARD = "gnu++14";
				CLANG_CXX_LIBRARY = "libc++";
				CLANG_ENABLE_MODULES = YES;
				CLANG_ENABLE_OBJC_ARC = YES;
				CLANG_ENABLE_OBJC_WEAK = YES;
				CLANG_WARN_BLOCK_CAPTURE_AUTORELEASING = YES;
				CLANG_WARN_BOOL_CONVERSION = YES;
				CLANG_WARN_COMMA = YES;
				CLANG_WARN_CONSTANT_CONVERSION = YES;
				CLANG_WARN_DEPRECATED_OBJC_IMPLEMENTATIONS = YES;
				CLANG_WARN_DIRECT_OBJC_ISA_USAGE = YES_ERROR;
				CLANG_WARN_DOCUMENTATION_COMMENTS = YES;
				CLANG_WARN_EMPTY_BODY = YES;
				CLANG_WARN_ENUM_CONVERSION = YES;
				CLANG_WARN_INFINITE_RECURSION = YES;
				CLANG_WARN_INT_CONVERSION = YES;
				CLANG_WARN_NON_LITERAL_NULL_CONVERSION = YES;
				CLANG_WARN_OBJC_IMPLICIT_RETAIN_SELF = YES;
				CLANG_WARN_OBJC_LITERAL_CONVERSION = YES;
				CLANG_WARN_OBJC_ROOT_CLASS = YES_ERROR;
				CLANG_WARN_RANGE_LOOP_ANALYSIS = YES;
				CLANG_WARN_STRICT_PROTOTYPES = YES;
				CLANG_WARN_SUSPICIOUS_MOVE = YES;
				CLANG_WARN_UNGUARDED_AVAILABILITY = YES_AGGRESSIVE;
				CLANG_WARN_UNREACHABLE_CODE = YES;
				CLANG_WARN__DUPLICATE_METHOD_MATCH = YES;
				CODE_SIGN_IDENTITY = "iPhone Developer";
				COPY_PHASE_STRIP = NO;
				DEBUG_INFORMATION_FORMAT = dwarf;
				ENABLE_STRICT_OBJC_MSGSEND = YES;
				ENABLE_TESTABILITY = YES;
				GCC_C_LANGUAGE_STANDARD = gnu11;
				GCC_DYNAMIC_NO_PIC = NO;
				GCC_NO_COMMON_BLOCKS = YES;
				GCC_OPTIMIZATION_LEVEL = 0;
				GCC_PREPROCESSOR_DEFINITIONS = (
					"DEBUG=1",
					"$(inherited)",
				);
				GCC_WARN_64_TO_32_BIT_CONVERSION = YES;
				GCC_WARN_ABOUT_RETURN_TYPE = YES_ERROR;
				GCC_WARN_UNDECLARED_SELECTOR = YES;
				GCC_WARN_UNINITIALIZED_AUTOS = YES_AGGRESSIVE;
				GCC_WARN_UNUSED_FUNCTION = YES;
				GCC_WARN_UNUSED_VARIABLE = YES;
				IPHONEOS_DEPLOYMENT_TARGET = 12.2;
				MTL_ENABLE_DEBUG_INFO = INCLUDE_SOURCE;
				MTL_FAST_MATH = YES;
				ONLY_ACTIVE_ARCH = YES;
				SDKROOT = iphoneos;
			};
			name = Debug;
		};
		EACAE44022C2C176003AA4C1 /* Release */ = {
			isa = XCBuildConfiguration;
			buildSettings = {
				ALWAYS_SEARCH_USER_PATHS = NO;
				CLANG_ANALYZER_NONNULL = YES;
				CLANG_ANALYZER_NUMBER_OBJECT_CONVERSION = YES_AGGRESSIVE;
				CLANG_CXX_LANGUAGE_STANDARD = "gnu++14";
				CLANG_CXX_LIBRARY = "libc++";
				CLANG_ENABLE_MODULES = YES;
				CLANG_ENABLE_OBJC_ARC = YES;
				CLANG_ENABLE_OBJC_WEAK = YES;
				CLANG_WARN_BLOCK_CAPTURE_AUTORELEASING = YES;
				CLANG_WARN_BOOL_CONVERSION = YES;
				CLANG_WARN_COMMA = YES;
				CLANG_WARN_CONSTANT_CONVERSION = YES;
				CLANG_WARN_DEPRECATED_OBJC_IMPLEMENTATIONS = YES;
				CLANG_WARN_DIRECT_OBJC_ISA_USAGE = YES_ERROR;
				CLANG_WARN_DOCUMENTATION_COMMENTS = YES;
				CLANG_WARN_EMPTY_BODY = YES;
				CLANG_WARN_ENUM_CONVERSION = YES;
				CLANG_WARN_INFINITE_RECURSION = YES;
				CLANG_WARN_INT_CONVERSION = YES;
				CLANG_WARN_NON_LITERAL_NULL_CONVERSION = YES;
				CLANG_WARN_OBJC_IMPLICIT_RETAIN_SELF = YES;
				CLANG_WARN_OBJC_LITERAL_CONVERSION = YES;
				CLANG_WARN_OBJC_ROOT_CLASS = YES_ERROR;
				CLANG_WARN_RANGE_LOOP_ANALYSIS = YES;
				CLANG_WARN_STRICT_PROTOTYPES = YES;
				CLANG_WARN_SUSPICIOUS_MOVE = YES;
				CLANG_WARN_UNGUARDED_AVAILABILITY = YES_AGGRESSIVE;
				CLANG_WARN_UNREACHABLE_CODE = YES;
				CLANG_WARN__DUPLICATE_METHOD_MATCH = YES;
				CODE_SIGN_IDENTITY = "iPhone Developer";
				COPY_PHASE_STRIP = NO;
				DEBUG_INFORMATION_FORMAT = "dwarf-with-dsym";
				ENABLE_NS_ASSERTIONS = NO;
				ENABLE_STRICT_OBJC_MSGSEND = YES;
				GCC_C_LANGUAGE_STANDARD = gnu11;
				GCC_NO_COMMON_BLOCKS = YES;
				GCC_WARN_64_TO_32_BIT_CONVERSION = YES;
				GCC_WARN_ABOUT_RETURN_TYPE = YES_ERROR;
				GCC_WARN_UNDECLARED_SELECTOR = YES;
				GCC_WARN_UNINITIALIZED_AUTOS = YES_AGGRESSIVE;
				GCC_WARN_UNUSED_FUNCTION = YES;
				GCC_WARN_UNUSED_VARIABLE = YES;
				IPHONEOS_DEPLOYMENT_TARGET = 12.2;
				MTL_ENABLE_DEBUG_INFO = NO;
				MTL_FAST_MATH = YES;
				SDKROOT = iphoneos;
				VALIDATE_PRODUCT = YES;
			};
			name = Release;
		};
		EACAE44222C2C176003AA4C1 /* Debug */ = {
			isa = XCBuildConfiguration;
			buildSettings = {
				ASSETCATALOG_COMPILER_APPICON_NAME = AppIcon;
				CODE_SIGN_STYLE = Automatic;
				INFOPLIST_FILE = Tipster/Info.plist;
				LD_RUNPATH_SEARCH_PATHS = (
					"$(inherited)",
					"@executable_path/Frameworks",
				);
				PRODUCT_BUNDLE_IDENTIFIER = com.mloirraqi.Tipster;
				PRODUCT_NAME = "$(TARGET_NAME)";
				TARGETED_DEVICE_FAMILY = "1,2";
			};
			name = Debug;
		};
		EACAE44322C2C176003AA4C1 /* Release */ = {
			isa = XCBuildConfiguration;
			buildSettings = {
				ASSETCATALOG_COMPILER_APPICON_NAME = AppIcon;
				CODE_SIGN_STYLE = Automatic;
				INFOPLIST_FILE = Tipster/Info.plist;
				LD_RUNPATH_SEARCH_PATHS = (
					"$(inherited)",
					"@executable_path/Frameworks",
				);
				PRODUCT_BUNDLE_IDENTIFIER = com.mloirraqi.Tipster;
				PRODUCT_NAME = "$(TARGET_NAME)";
				TARGETED_DEVICE_FAMILY = "1,2";
			};
			name = Release;
		};
		EACAE44522C2C176003AA4C1 /* Debug */ = {
			isa = XCBuildConfiguration;
			buildSettings = {
				BUNDLE_LOADER = "$(TEST_HOST)";
				CODE_SIGN_STYLE = Automatic;
				INFOPLIST_FILE = TipsterTests/Info.plist;
				LD_RUNPATH_SEARCH_PATHS = (
					"$(inherited)",
					"@executable_path/Frameworks",
					"@loader_path/Frameworks",
				);
				PRODUCT_BUNDLE_IDENTIFIER = com.mloirraqi.TipsterTests;
				PRODUCT_NAME = "$(TARGET_NAME)";
				TARGETED_DEVICE_FAMILY = "1,2";
				TEST_HOST = "$(BUILT_PRODUCTS_DIR)/Tipster.app/Tipster";
			};
			name = Debug;
		};
		EACAE44622C2C176003AA4C1 /* Release */ = {
			isa = XCBuildConfiguration;
			buildSettings = {
				BUNDLE_LOADER = "$(TEST_HOST)";
				CODE_SIGN_STYLE = Automatic;
				INFOPLIST_FILE = TipsterTests/Info.plist;
				LD_RUNPATH_SEARCH_PATHS = (
					"$(inherited)",
					"@executable_path/Frameworks",
					"@loader_path/Frameworks",
				);
				PRODUCT_BUNDLE_IDENTIFIER = com.mloirraqi.TipsterTests;
				PRODUCT_NAME = "$(TARGET_NAME)";
				TARGETED_DEVICE_FAMILY = "1,2";
				TEST_HOST = "$(BUILT_PRODUCTS_DIR)/Tipster.app/Tipster";
			};
			name = Release;
		};
		EACAE44822C2C176003AA4C1 /* Debug */ = {
			isa = XCBuildConfiguration;
			buildSettings = {
				CODE_SIGN_STYLE = Automatic;
				INFOPLIST_FILE = TipsterUITests/Info.plist;
				LD_RUNPATH_SEARCH_PATHS = (
					"$(inherited)",
					"@executable_path/Frameworks",
					"@loader_path/Frameworks",
				);
				PRODUCT_BUNDLE_IDENTIFIER = com.mloirraqi.TipsterUITests;
				PRODUCT_NAME = "$(TARGET_NAME)";
				TARGETED_DEVICE_FAMILY = "1,2";
				TEST_TARGET_NAME = Tipster;
			};
			name = Debug;
		};
		EACAE44922C2C176003AA4C1 /* Release */ = {
			isa = XCBuildConfiguration;
			buildSettings = {
				CODE_SIGN_STYLE = Automatic;
				INFOPLIST_FILE = TipsterUITests/Info.plist;
				LD_RUNPATH_SEARCH_PATHS = (
					"$(inherited)",
					"@executable_path/Frameworks",
					"@loader_path/Frameworks",
				);
				PRODUCT_BUNDLE_IDENTIFIER = com.mloirraqi.TipsterUITests;
				PRODUCT_NAME = "$(TARGET_NAME)";
				TARGETED_DEVICE_FAMILY = "1,2";
				TEST_TARGET_NAME = Tipster;
			};
			name = Release;
		};
/* End XCBuildConfiguration section */

/* Begin XCConfigurationList section */
		EACAE41022C2C175003AA4C1 /* Build configuration list for PBXProject "Tipster" */ = {
			isa = XCConfigurationList;
			buildConfigurations = (
				EACAE43F22C2C176003AA4C1 /* Debug */,
				EACAE44022C2C176003AA4C1 /* Release */,
			);
			defaultConfigurationIsVisible = 0;
			defaultConfigurationName = Release;
		};
		EACAE44122C2C176003AA4C1 /* Build configuration list for PBXNativeTarget "Tipster" */ = {
			isa = XCConfigurationList;
			buildConfigurations = (
				EACAE44222C2C176003AA4C1 /* Debug */,
				EACAE44322C2C176003AA4C1 /* Release */,
			);
			defaultConfigurationIsVisible = 0;
			defaultConfigurationName = Release;
		};
		EACAE44422C2C176003AA4C1 /* Build configuration list for PBXNativeTarget "TipsterTests" */ = {
			isa = XCConfigurationList;
			buildConfigurations = (
				EACAE44522C2C176003AA4C1 /* Debug */,
				EACAE44622C2C176003AA4C1 /* Release */,
			);
			defaultConfigurationIsVisible = 0;
			defaultConfigurationName = Release;
		};
		EACAE44722C2C176003AA4C1 /* Build configuration list for PBXNativeTarget "TipsterUITests" */ = {
			isa = XCConfigurationList;
			buildConfigurations = (
				EACAE44822C2C176003AA4C1 /* Debug */,
				EACAE44922C2C176003AA4C1 /* Release */,
			);
			defaultConfigurationIsVisible = 0;
			defaultConfigurationName = Release;
		};
/* End XCConfigurationList section */
	};
	rootObject = EACAE40D22C2C175003AA4C1 /* Project object */;
}
